
Microsoft Visual Studio Solution File, Format Version 12.00
Project("{FAE04EC0-301F-11D3-BF4B-00C04F79EFBC}") = "Delegate", "Delegate\Delegate.csproj", "{61DD17C7-DCE1-4867-85B5-F33E6131E1DD}"
EndProject
Global
	GlobalSection(SolutionConfigurationPlatforms) = preSolution
		Debug|Any CPU = Debug|Any CPU
		Release|Any CPU = Release|Any CPU
	EndGlobalSection
	GlobalSection(ProjectConfigurationPlatforms) = postSolution
		{61DD17C7-DCE1-4867-85B5-F33E6131E1DD}.Debug|Any CPU.ActiveCfg = Debug|Any CPU
		{61DD17C7-DCE1-4867-85B5-F33E6131E1DD}.Debug|Any CPU.Build.0 = Debug|Any CPU
		{61DD17C7-DCE1-4867-85B5-F33E6131E1DD}.Release|Any CPU.ActiveCfg = Release|Any CPU
		{61DD17C7-DCE1-4867-85B5-F33E6131E1DD}.Release|Any CPU.Build.0 = Release|Any CPU
	EndGlobalSection
EndGlobal
